
Microsoft Visual Studio Solution File, Format Version 12.00
# Visual Studio 15
VisualStudioVersion = 15.0.27703.2018
MinimumVisualStudioVersion = 10.0.40219.1
Project("{FAE04EC0-301F-11D3-BF4B-00C04F79EFBC}") = "PCModPE", "PCModPE\PCModPE.csproj", "{71869B4D-1753-4E35-96AA-87F19C8E1985}"
EndProject
Global
	GlobalSection(SolutionConfigurationPlatforms) = preSolution
		Debug|Any CPU = Debug|Any CPU
		Release|Any CPU = Release|Any CPU
	EndGlobalSection
	GlobalSection(ProjectConfigurationPlatforms) = postSolution
		{71869B4D-1753-4E35-96AA-87F19C8E1985}.Debug|Any CPU.ActiveCfg = Debug|Any CPU
		{71869B4D-1753-4E35-96AA-87F19C8E1985}.Debug|Any CPU.Build.0 = Debug|Any CPU
		{71869B4D-1753-4E35-96AA-87F19C8E1985}.Release|Any CPU.ActiveCfg = Release|Any CPU
		{71869B4D-1753-4E35-96AA-87F19C8E1985}.Release|Any CPU.Build.0 = Release|Any CPU
	EndGlobalSection
	GlobalSection(SolutionProperties) = preSolution
		HideSolutionNode = FALSE
	EndGlobalSection
	GlobalSection(ExtensibilityGlobals) = postSolution
		SolutionGuid = {04C79577-579E-44C7-A806-AC53C5BBFF0F}
	EndGlobalSection
EndGlobal
